
Microsoft Visual Studio Solution File, Format Version 12.00
# Visual Studio Version 17
VisualStudioVersion = 17.5.002.0
MinimumVisualStudioVersion = 10.0.40219.1
Project("{9A19103F-16F7-4668-BE54-9A1E7A4F7556}") = "CollegeMonitor", "CollegeMonitor\CollegeMonitor.csproj", "{183624C5-4587-45C0-9FEB-4A09E123944F}"
EndProject
Global
	GlobalSection(SolutionConfigurationPlatforms) = preSolution
		Debug|Any CPU = Debug|Any CPU
		Release|Any CPU = Release|Any CPU
	EndGlobalSection
	GlobalSection(ProjectConfigurationPlatforms) = postSolution
		{183624C5-4587-45C0-9FEB-4A09E123944F}.Debug|Any CPU.ActiveCfg = Debug|Any CPU
		{183624C5-4587-45C0-9FEB-4A09E123944F}.Debug|Any CPU.Build.0 = Debug|Any CPU
		{183624C5-4587-45C0-9FEB-4A09E123944F}.Release|Any CPU.ActiveCfg = Release|Any CPU
		{183624C5-4587-45C0-9FEB-4A09E123944F}.Release|Any CPU.Build.0 = Release|Any CPU
	EndGlobalSection
	GlobalSection(SolutionProperties) = preSolution
		HideSolutionNode = FALSE
	EndGlobalSection
	GlobalSection(ExtensibilityGlobals) = postSolution
		SolutionGuid = {624B24AA-C34F-4F09-B749-106D5DE2D088}
	EndGlobalSection
EndGlobal
